
Microsoft Visual Studio Solution File, Format Version 12.00
# Visual Studio Version 17
VisualStudioVersion = 17.0.31903.59
MinimumVisualStudioVersion = 10.0.40219.1
Project("{FAE04EC0-301F-11D3-BF4B-00C04F79EFBC}") = "GBastos.Casa_dos_Farelos.PedidoService.Api", "src\GBastos.Casa_dos_Farelos.PedidoService.Api\GBastos.Casa_dos_Farelos.PedidoService.Api.csproj", "{60726545-F391-C4AC-DDEB-90E228955F86}"
EndProject
Project("{2150E333-8FDC-42A3-9474-1A3956D46DE8}") = "PedidoService", "PedidoService", "{02EA681E-C7D8-13C7-8484-4AC65E1B71E8}"
EndProject
Project("{2150E333-8FDC-42A3-9474-1A3956D46DE8}") = "CadastroService", "CadastroService", "{60F8C482-0B3B-4665-A8FC-03D747FEF30C}"
EndProject
Project("{2150E333-8FDC-42A3-9474-1A3956D46DE8}") = "PagamentoService", "PagamentoService", "{1BAC8EAB-C251-440F-B352-E201F9F35685}"
EndProject
Project("{2150E333-8FDC-42A3-9474-1A3956D46DE8}") = "Gateway", "Gateway", "{255DE6E7-55E0-4EDA-8061-800ABFAEC305}"
EndProject
Project("{FAE04EC0-301F-11D3-BF4B-00C04F79EFBC}") = "GBastos.Casa_dos_Farelos.Tests", "tests\GBastos.Casa_dos_Farelos.Tests\GBastos.Casa_dos_Farelos.Tests.csproj", "{B1987A92-E51B-8560-2995-CEC94E7405FA}"
EndProject
Project("{2150E333-8FDC-42A3-9474-1A3956D46DE8}") = "UnitTests", "UnitTests", "{C0F9C83A-170E-4472-A753-F2C036716DF9}"
EndProject
Project("{2150E333-8FDC-42A3-9474-1A3956D46DE8}") = "Workers", "Workers", "{A3BA06D7-0340-421E-B0CD-64F25C267A16}"
EndProject
Project("{FAE04EC0-301F-11D3-BF4B-00C04F79EFBC}") = "GBastos.Casa_dos_Farelos.CadastroService.Api", "src\GBastos.Casa_dos_Farelos.CadastroService.Api\GBastos.Casa_dos_Farelos.CadastroService.Api.csproj", "{E17E8651-6B84-DE46-52C6-26D899DF6398}"
EndProject
Project("{FAE04EC0-301F-11D3-BF4B-00C04F79EFBC}") = "GBastos.Casa_dos_Farelos.Gateway", "src\GBastos.Casa_dos_Farelos.Gateway\GBastos.Casa_dos_Farelos.Gateway.csproj", "{19D8F419-9692-724C-E748-AB783231FA46}"
EndProject
Project("{FAE04EC0-301F-11D3-BF4B-00C04F79EFBC}") = "GBastos.Casa_dos_Farelos.PagamentoService.Api", "src\GBastos.Casa_dos_Farelos.PagamentoService\GBastos.Casa_dos_Farelos.PagamentoService.Api.csproj", "{BEE9A2EC-2EA0-EFC7-4151-B6FB6D3B610E}"
EndProject
Project("{2150E333-8FDC-42A3-9474-1A3956D46DE8}") = "AuthService", "AuthService", "{72570E31-44F0-479C-A3EF-0187ADA96783}"
EndProject
Project("{2150E333-8FDC-42A3-9474-1A3956D46DE8}") = "BuildingBlocks", "BuildingBlocks", "{2B9FAF82-B763-42D3-AD6E-FFDFBA399F6C}"
EndProject
Project("{FAE04EC0-301F-11D3-BF4B-00C04F79EFBC}") = "GBastos.Casa_dos_Farelos.BuildingBlocks.SharedKernel", "src\GBastos.Casa_dos_Farelos.BuildingBlocks.SharedKernel\GBastos.Casa_dos_Farelos.BuildingBlocks.SharedKernel.csproj", "{7319BC4D-1C1B-710D-B04B-7B2D25701B65}"
EndProject
Project("{FAE04EC0-301F-11D3-BF4B-00C04F79EFBC}") = "GBastos.Casa_dos_Farelos.BuildingBlocks.Observability", "src\GBastos.Casa_dos_Farelos.BuildingBlocks.Observability\GBastos.Casa_dos_Farelos.BuildingBlocks.Observability.csproj", "{71F1DC4C-CE73-6E4B-5569-C8099D2DD8EC}"
EndProject
Project("{FAE04EC0-301F-11D3-BF4B-00C04F79EFBC}") = "GBastos.Casa_dos_Farelos.BuildingBlocks.Messaging", "src\GBastos.Casa_dos_Farelos.BuildingBlocks.Messaging\GBastos.Casa_dos_Farelos.BuildingBlocks.Messaging.csproj", "{EFC9CD71-9E64-091D-7E30-31E769E4DB9E}"
EndProject
Project("{FAE04EC0-301F-11D3-BF4B-00C04F79EFBC}") = "GBastos.Casa_dos_Farelos.Workers", "src\GBastos.Casa_dos_Farelos.Workers\GBastos.Casa_dos_Farelos.Workers.csproj", "{413DFB7B-3BF2-F08A-1963-511BDF2A4EFF}"
EndProject
Project("{FAE04EC0-301F-11D3-BF4B-00C04F79EFBC}") = "GBastos.Casa_dos_Farelos.AuthService.Application", "src\GBastos.Casa_dos_Farelos.AuthService.Application\GBastos.Casa_dos_Farelos.AuthService.Application.csproj", "{7641522E-ED6C-9ACC-3C91-7D25662A6C49}"
EndProject
Project("{FAE04EC0-301F-11D3-BF4B-00C04F79EFBC}") = "GBastos.Casa_dos_Farelos.AuthService.Domain", "src\GBastos.Casa_dos_Farelos.AuthService.Domain\GBastos.Casa_dos_Farelos.AuthService.Domain.csproj", "{2CDDEA20-37D2-E5D4-CF6E-88E8D063D1C2}"
EndProject
Project("{FAE04EC0-301F-11D3-BF4B-00C04F79EFBC}") = "GBastos.Casa_dos_Farelos.AuthService.Infrastructure", "src\GBastos.Casa_dos_Farelos.AuthService.Infrastructure\GBastos.Casa_dos_Farelos.AuthService.Infrastructure.csproj", "{650B8FAB-131C-B60E-469F-585785C3A37C}"
EndProject
Project("{FAE04EC0-301F-11D3-BF4B-00C04F79EFBC}") = "GBastos.Casa_dos_Farelos.AuthService.Api", "src\GBastos.Casa_dos_Farelos.AuthService.Api\GBastos.Casa_dos_Farelos.AuthService.Api.csproj", "{2AA32F0E-7EE3-4A09-91C2-24655B91E720}"
EndProject
Project("{2150E333-8FDC-42A3-9474-1A3956D46DE8}") = "RelatorioService", "RelatorioService", "{ACBC2C4C-24AF-4C39-9A73-92D6201247F4}"
EndProject
Project("{FAE04EC0-301F-11D3-BF4B-00C04F79EFBC}") = "GBastos.Casa_dos_Farelos.RelatorioService.Api", "src\GBastos.Casa_dos_Farelos.RelatorioService.Api\GBastos.Casa_dos_Farelos.RelatorioService.Api.csproj", "{4354C5A1-56BE-BED1-3802-A8BA79025A55}"
EndProject
Project("{FAE04EC0-301F-11D3-BF4B-00C04F79EFBC}") = "GBastos.Casa_dos_Farelos.RelatorioService.Application", "src\GBastos.Casa_dos_Farelos.RelatorioService.Application\GBastos.Casa_dos_Farelos.RelatorioService.Application.csproj", "{CD6CDB96-BC6A-25D6-12FE-16ADE29E461D}"
EndProject
Project("{FAE04EC0-301F-11D3-BF4B-00C04F79EFBC}") = "GBastos.Casa_dos_Farelos.RelatorioService.Domain", "src\GBastos.Casa_dos_Farelos.RelatorioService.Domain\GBastos.Casa_dos_Farelos.RelatorioService.Domain.csproj", "{C317DDA6-201B-4679-1665-16D2035DADA3}"
EndProject
Project("{FAE04EC0-301F-11D3-BF4B-00C04F79EFBC}") = "GBastos.Casa_dos_Farelos.RelatorioService.Infrastructure", "src\GBastos.Casa_dos_Farelos.RelatorioService.Infrastructure\GBastos.Casa_dos_Farelos.RelatorioService.Infrastructure.csproj", "{DC25F305-C718-2CE7-A032-4572CC3C30F2}"
EndProject
Project("{FAE04EC0-301F-11D3-BF4B-00C04F79EFBC}") = "GBastos.Casa_dos_Farelos.PedidoService.Application", "src\GBastos.Casa_dos_Farelos.PedidoService.Application\GBastos.Casa_dos_Farelos.PedidoService.Application.csproj", "{3B371B52-D40B-9532-48A9-CC4EA2D78734}"
EndProject
Project("{FAE04EC0-301F-11D3-BF4B-00C04F79EFBC}") = "GBastos.Casa_dos_Farelos.PedidoService.Domain", "src\GBastos.Casa_dos_Farelos.PedidoService.Domain\GBastos.Casa_dos_Farelos.PedidoService.Domain.csproj", "{CC2FB6BC-0555-EB40-DD76-03FFEB5582A4}"
EndProject
Project("{FAE04EC0-301F-11D3-BF4B-00C04F79EFBC}") = "GBastos.Casa_dos_Farelos.PedidoService.Infrastructure", "src\GBastos.Casa_dos_Farelos.PedidoService.Infrastructure\GBastos.Casa_dos_Farelos.PedidoService.Infrastructure.csproj", "{D46A39EE-0EF8-EE7A-7F5A-2992EC72457C}"
EndProject
Project("{FAE04EC0-301F-11D3-BF4B-00C04F79EFBC}") = "GBastos.Casa_dos_Farelos.PagamentoService.Application", "src\GBastos.Casa_dos_Farelos.PagamentoService.Application\GBastos.Casa_dos_Farelos.PagamentoService.Application.csproj", "{389F41C7-1589-3501-1E1B-3DCDEDE9704A}"
EndProject
Project("{FAE04EC0-301F-11D3-BF4B-00C04F79EFBC}") = "GBastos.Casa_dos_Farelos.PagamentoService.Domain", "src\GBastos.Casa_dos_Farelos.PagamentoService.Domain\GBastos.Casa_dos_Farelos.PagamentoService.Domain.csproj", "{EC9A69C7-9E6D-3D93-A24C-6A51276A4B1B}"
EndProject
Project("{FAE04EC0-301F-11D3-BF4B-00C04F79EFBC}") = "GBastos.Casa_dos_Farelos.PagamentoService.Infrastructure", "src\GBastos.Casa_dos_Farelos.PagamentoService.Infrastructure\GBastos.Casa_dos_Farelos.PagamentoService.Infrastructure.csproj", "{7A377BE8-05DB-FFCE-891A-0070D90A691A}"
EndProject
Project("{FAE04EC0-301F-11D3-BF4B-00C04F79EFBC}") = "GBastos.Casa_dos_Farelos.CadastroService.Application", "src\GBastos.Casa_dos_Farelos.CadastroService.Application\GBastos.Casa_dos_Farelos.CadastroService.Application.csproj", "{AD1DCEE1-4A74-7C1E-D84B-15CF32F05DB3}"
EndProject
Project("{FAE04EC0-301F-11D3-BF4B-00C04F79EFBC}") = "GBastos.Casa_dos_Farelos.CadastroService.Domain", "src\GBastos.Casa_dos_Farelos.CadastroService.Domain\GBastos.Casa_dos_Farelos.CadastroService.Domain.csproj", "{41B75180-6639-7AAE-EEFB-D4C58A312DD5}"
EndProject
Project("{FAE04EC0-301F-11D3-BF4B-00C04F79EFBC}") = "GBastos.Casa_dos_Farelos.CadastroService.Infrastructure", "src\GBastos.Casa_dos_Farelos.CadastroService.Infrastructure\GBastos.Casa_dos_Farelos.CadastroService.Infrastructure.csproj", "{C7BB260A-B4D6-4A18-E627-9ED418652129}"
EndProject
Project("{2150E333-8FDC-42A3-9474-1A3956D46DE8}") = "src", "src", "{A9905E7B-9887-453D-98A4-85E5B65BC24E}"
EndProject
Project("{2150E333-8FDC-42A3-9474-1A3956D46DE8}") = "Services", "Services", "{465B0A25-C999-48ED-97DF-09DED454FE53}"
EndProject
Project("{2150E333-8FDC-42A3-9474-1A3956D46DE8}") = "EstoqueService", "EstoqueService", "{E7CA5E01-C065-492F-8D88-220587743AE4}"
EndProject
Project("{2150E333-8FDC-42A3-9474-1A3956D46DE8}") = "ComprasService", "ComprasService", "{C821D954-C843-41B4-B232-67374EF5D190}"
EndProject
Project("{FAE04EC0-301F-11D3-BF4B-00C04F79EFBC}") = "GBastos.Casa_dos_Farelos.ComprasService.Api", "src\GBastos.Casa_dos_Farelos.ComprasService\GBastos.Casa_dos_Farelos.ComprasService.Api.csproj", "{2BF3FA51-E1B0-8488-26D3-103FCF4F8E28}"
EndProject
Project("{FAE04EC0-301F-11D3-BF4B-00C04F79EFBC}") = "GBastos.Casa_dos_Farelos.ComprasService.Application", "src\GBastos.Casa_dos_Farelos.ComprasService.Application\GBastos.Casa_dos_Farelos.ComprasService.Application.csproj", "{7B7D5DA1-461E-838E-8A33-1F713D2572C8}"
EndProject
Project("{FAE04EC0-301F-11D3-BF4B-00C04F79EFBC}") = "GBastos.Casa_dos_Farelos.ComprasService.Domain", "src\GBastos.Casa_dos_Farelos.ComprasService.Domain\GBastos.Casa_dos_Farelos.ComprasService.Domain.csproj", "{297EA19D-5843-5075-6DB2-A60DCE457BC9}"
EndProject
Project("{FAE04EC0-301F-11D3-BF4B-00C04F79EFBC}") = "GBastos.Casa_dos_Farelos.ComprasService.Infrastructure", "src\GBastos.Casa_dos_Farelos.ComprasService.Infrastructure\GBastos.Casa_dos_Farelos.ComprasService.Infrastructure.csproj", "{46583386-E6AC-5F77-5A73-B5F67E3F48ED}"
EndProject
Project("{FAE04EC0-301F-11D3-BF4B-00C04F79EFBC}") = "GBastos.Casa_dos_Farelos.EstoqueService.Api", "src\GBastos.Casa_dos_Farelos.EstoqueService.Api\GBastos.Casa_dos_Farelos.EstoqueService.Api.csproj", "{9E43957E-4EE4-7D94-3C96-99A7919DCB0E}"
EndProject
Project("{FAE04EC0-301F-11D3-BF4B-00C04F79EFBC}") = "GBastos.Casa_dos_Farelos.EstoqueService.Application", "src\GBastos.Casa_dos_Farelos.EstoqueService.Application\GBastos.Casa_dos_Farelos.EstoqueService.Application.csproj", "{E1D1EC37-80CC-8647-F5B6-17EA8402CCE8}"
EndProject
Project("{FAE04EC0-301F-11D3-BF4B-00C04F79EFBC}") = "GBastos.Casa_dos_Farelos.EstoqueService.Domain", "src\GBastos.Casa_dos_Farelos.EstoqueService.Domain\GBastos.Casa_dos_Farelos.EstoqueService.Domain.csproj", "{E3E8A8DA-B3E8-30D0-F146-A0A8E73F0975}"
EndProject
Project("{FAE04EC0-301F-11D3-BF4B-00C04F79EFBC}") = "GBastos.Casa_dos_Farelos.EstoqueService.Infrastructure", "src\GBastos.Casa_dos_Farelos.EstoqueService.Infrastructure\GBastos.Casa_dos_Farelos.EstoqueService.Infrastructure.csproj", "{890BD9BE-F3DB-F56F-A822-FDE2AFDD5633}"
EndProject
Project("{2150E333-8FDC-42A3-9474-1A3956D46DE8}") = "FaturamentoService", "FaturamentoService", "{72E904EB-6EDF-454C-9F8E-2D38C7B30098}"
EndProject
Project("{FAE04EC0-301F-11D3-BF4B-00C04F79EFBC}") = "GBastos.Casa_dos_Farelos.FaturamentoService.Api", "src\GBastos.Casa_dos_Farelos.FaturamentoService\GBastos.Casa_dos_Farelos.FaturamentoService.Api.csproj", "{58FC7799-AE05-3561-5A60-A197998FE2EA}"
EndProject
Project("{FAE04EC0-301F-11D3-BF4B-00C04F79EFBC}") = "GBastos.Casa_dos_Farelos.BuildingBlocks.Contracts", "src\GBastos.Casa_dos_Farelos.BuildingBlocks.Contracts\GBastos.Casa_dos_Farelos.BuildingBlocks.Contracts.csproj", "{6762ED59-D18D-4D82-AF6D-DC60A3977CAC}"
EndProject
Project("{2150E333-8FDC-42A3-9474-1A3956D46DE8}") = "CatalogoService", "CatalogoService", "{5107E8E7-A277-4CFE-A5A8-7CF1ED3B02A2}"
EndProject
Project("{2150E333-8FDC-42A3-9474-1A3956D46DE8}") = "NotificacaoService", "NotificacaoService", "{45C6A820-B044-43A3-9FAC-309078946C78}"
EndProject
Project("{FAE04EC0-301F-11D3-BF4B-00C04F79EFBC}") = "GBastos.Casa_dos_Farelos.BuildingBlocks.Configuration", "src\GBastos.Casa_dos_Farelos.BuildingBlocks.Configuration\GBastos.Casa_dos_Farelos.BuildingBlocks.Configuration.csproj", "{A02B9C88-8EF8-4BCA-B896-E320F8D998D5}"
EndProject
Global
	GlobalSection(SolutionConfigurationPlatforms) = preSolution
		Debug|Any CPU = Debug|Any CPU
		Release|Any CPU = Release|Any CPU
	EndGlobalSection
	GlobalSection(ProjectConfigurationPlatforms) = postSolution
		{60726545-F391-C4AC-DDEB-90E228955F86}.Debug|Any CPU.ActiveCfg = Debug|Any CPU
		{60726545-F391-C4AC-DDEB-90E228955F86}.Debug|Any CPU.Build.0 = Debug|Any CPU
		{60726545-F391-C4AC-DDEB-90E228955F86}.Release|Any CPU.ActiveCfg = Release|Any CPU
		{60726545-F391-C4AC-DDEB-90E228955F86}.Release|Any CPU.Build.0 = Release|Any CPU
		{B1987A92-E51B-8560-2995-CEC94E7405FA}.Debug|Any CPU.ActiveCfg = Debug|Any CPU
		{B1987A92-E51B-8560-2995-CEC94E7405FA}.Debug|Any CPU.Build.0 = Debug|Any CPU
		{B1987A92-E51B-8560-2995-CEC94E7405FA}.Release|Any CPU.ActiveCfg = Release|Any CPU
		{B1987A92-E51B-8560-2995-CEC94E7405FA}.Release|Any CPU.Build.0 = Release|Any CPU
		{E17E8651-6B84-DE46-52C6-26D899DF6398}.Debug|Any CPU.ActiveCfg = Debug|Any CPU
		{E17E8651-6B84-DE46-52C6-26D899DF6398}.Debug|Any CPU.Build.0 = Debug|Any CPU
		{E17E8651-6B84-DE46-52C6-26D899DF6398}.Release|Any CPU.ActiveCfg = Release|Any CPU
		{E17E8651-6B84-DE46-52C6-26D899DF6398}.Release|Any CPU.Build.0 = Release|Any CPU
		{19D8F419-9692-724C-E748-AB783231FA46}.Debug|Any CPU.ActiveCfg = Debug|Any CPU
		{19D8F419-9692-724C-E748-AB783231FA46}.Debug|Any CPU.Build.0 = Debug|Any CPU
		{19D8F419-9692-724C-E748-AB783231FA46}.Release|Any CPU.ActiveCfg = Release|Any CPU
		{19D8F419-9692-724C-E748-AB783231FA46}.Release|Any CPU.Build.0 = Release|Any CPU
		{BEE9A2EC-2EA0-EFC7-4151-B6FB6D3B610E}.Debug|Any CPU.ActiveCfg = Debug|Any CPU
		{BEE9A2EC-2EA0-EFC7-4151-B6FB6D3B610E}.Debug|Any CPU.Build.0 = Debug|Any CPU
		{BEE9A2EC-2EA0-EFC7-4151-B6FB6D3B610E}.Release|Any CPU.ActiveCfg = Release|Any CPU
		{BEE9A2EC-2EA0-EFC7-4151-B6FB6D3B610E}.Release|Any CPU.Build.0 = Release|Any CPU
		{7319BC4D-1C1B-710D-B04B-7B2D25701B65}.Debug|Any CPU.ActiveCfg = Debug|Any CPU
		{7319BC4D-1C1B-710D-B04B-7B2D25701B65}.Debug|Any CPU.Build.0 = Debug|Any CPU
		{7319BC4D-1C1B-710D-B04B-7B2D25701B65}.Release|Any CPU.ActiveCfg = Release|Any CPU
		{7319BC4D-1C1B-710D-B04B-7B2D25701B65}.Release|Any CPU.Build.0 = Release|Any CPU
		{71F1DC4C-CE73-6E4B-5569-C8099D2DD8EC}.Debug|Any CPU.ActiveCfg = Debug|Any CPU
		{71F1DC4C-CE73-6E4B-5569-C8099D2DD8EC}.Debug|Any CPU.Build.0 = Debug|Any CPU
		{71F1DC4C-CE73-6E4B-5569-C8099D2DD8EC}.Release|Any CPU.ActiveCfg = Release|Any CPU
		{71F1DC4C-CE73-6E4B-5569-C8099D2DD8EC}.Release|Any CPU.Build.0 = Release|Any CPU
		{EFC9CD71-9E64-091D-7E30-31E769E4DB9E}.Debug|Any CPU.ActiveCfg = Debug|Any CPU
		{EFC9CD71-9E64-091D-7E30-31E769E4DB9E}.Debug|Any CPU.Build.0 = Debug|Any CPU
		{EFC9CD71-9E64-091D-7E30-31E769E4DB9E}.Release|Any CPU.ActiveCfg = Release|Any CPU
		{EFC9CD71-9E64-091D-7E30-31E769E4DB9E}.Release|Any CPU.Build.0 = Release|Any CPU
		{413DFB7B-3BF2-F08A-1963-511BDF2A4EFF}.Debug|Any CPU.ActiveCfg = Debug|Any CPU
		{413DFB7B-3BF2-F08A-1963-511BDF2A4EFF}.Debug|Any CPU.Build.0 = Debug|Any CPU
		{413DFB7B-3BF2-F08A-1963-511BDF2A4EFF}.Release|Any CPU.ActiveCfg = Release|Any CPU
		{413DFB7B-3BF2-F08A-1963-511BDF2A4EFF}.Release|Any CPU.Build.0 = Release|Any CPU
		{7641522E-ED6C-9ACC-3C91-7D25662A6C49}.Debug|Any CPU.ActiveCfg = Debug|Any CPU
		{7641522E-ED6C-9ACC-3C91-7D25662A6C49}.Debug|Any CPU.Build.0 = Debug|Any CPU
		{7641522E-ED6C-9ACC-3C91-7D25662A6C49}.Release|Any CPU.ActiveCfg = Release|Any CPU
		{7641522E-ED6C-9ACC-3C91-7D25662A6C49}.Release|Any CPU.Build.0 = Release|Any CPU
		{2CDDEA20-37D2-E5D4-CF6E-88E8D063D1C2}.Debug|Any CPU.ActiveCfg = Debug|Any CPU
		{2CDDEA20-37D2-E5D4-CF6E-88E8D063D1C2}.Debug|Any CPU.Build.0 = Debug|Any CPU
		{2CDDEA20-37D2-E5D4-CF6E-88E8D063D1C2}.Release|Any CPU.ActiveCfg = Release|Any CPU
		{2CDDEA20-37D2-E5D4-CF6E-88E8D063D1C2}.Release|Any CPU.Build.0 = Release|Any CPU
		{650B8FAB-131C-B60E-469F-585785C3A37C}.Debug|Any CPU.ActiveCfg = Debug|Any CPU
		{650B8FAB-131C-B60E-469F-585785C3A37C}.Debug|Any CPU.Build.0 = Debug|Any CPU
		{650B8FAB-131C-B60E-469F-585785C3A37C}.Release|Any CPU.ActiveCfg = Release|Any CPU
		{650B8FAB-131C-B60E-469F-585785C3A37C}.Release|Any CPU.Build.0 = Release|Any CPU
		{2AA32F0E-7EE3-4A09-91C2-24655B91E720}.Debug|Any CPU.ActiveCfg = Debug|Any CPU
		{2AA32F0E-7EE3-4A09-91C2-24655B91E720}.Debug|Any CPU.Build.0 = Debug|Any CPU
		{2AA32F0E-7EE3-4A09-91C2-24655B91E720}.Release|Any CPU.ActiveCfg = Release|Any CPU
		{2AA32F0E-7EE3-4A09-91C2-24655B91E720}.Release|Any CPU.Build.0 = Release|Any CPU
		{4354C5A1-56BE-BED1-3802-A8BA79025A55}.Debug|Any CPU.ActiveCfg = Debug|Any CPU
		{4354C5A1-56BE-BED1-3802-A8BA79025A55}.Debug|Any CPU.Build.0 = Debug|Any CPU
		{4354C5A1-56BE-BED1-3802-A8BA79025A55}.Release|Any CPU.ActiveCfg = Release|Any CPU
		{4354C5A1-56BE-BED1-3802-A8BA79025A55}.Release|Any CPU.Build.0 = Release|Any CPU
		{CD6CDB96-BC6A-25D6-12FE-16ADE29E461D}.Debug|Any CPU.ActiveCfg = Debug|Any CPU
		{CD6CDB96-BC6A-25D6-12FE-16ADE29E461D}.Debug|Any CPU.Build.0 = Debug|Any CPU
		{CD6CDB96-BC6A-25D6-12FE-16ADE29E461D}.Release|Any CPU.ActiveCfg = Release|Any CPU
		{CD6CDB96-BC6A-25D6-12FE-16ADE29E461D}.Release|Any CPU.Build.0 = Release|Any CPU
		{C317DDA6-201B-4679-1665-16D2035DADA3}.Debug|Any CPU.ActiveCfg = Debug|Any CPU
		{C317DDA6-201B-4679-1665-16D2035DADA3}.Debug|Any CPU.Build.0 = Debug|Any CPU
		{C317DDA6-201B-4679-1665-16D2035DADA3}.Release|Any CPU.ActiveCfg = Release|Any CPU
		{C317DDA6-201B-4679-1665-16D2035DADA3}.Release|Any CPU.Build.0 = Release|Any CPU
		{DC25F305-C718-2CE7-A032-4572CC3C30F2}.Debug|Any CPU.ActiveCfg = Debug|Any CPU
		{DC25F305-C718-2CE7-A032-4572CC3C30F2}.Debug|Any CPU.Build.0 = Debug|Any CPU
		{DC25F305-C718-2CE7-A032-4572CC3C30F2}.Release|Any CPU.ActiveCfg = Release|Any CPU
		{DC25F305-C718-2CE7-A032-4572CC3C30F2}.Release|Any CPU.Build.0 = Release|Any CPU
		{3B371B52-D40B-9532-48A9-CC4EA2D78734}.Debug|Any CPU.ActiveCfg = Debug|Any CPU
		{3B371B52-D40B-9532-48A9-CC4EA2D78734}.Debug|Any CPU.Build.0 = Debug|Any CPU
		{3B371B52-D40B-9532-48A9-CC4EA2D78734}.Release|Any CPU.ActiveCfg = Release|Any CPU
		{3B371B52-D40B-9532-48A9-CC4EA2D78734}.Release|Any CPU.Build.0 = Release|Any CPU
		{CC2FB6BC-0555-EB40-DD76-03FFEB5582A4}.Debug|Any CPU.ActiveCfg = Debug|Any CPU
		{CC2FB6BC-0555-EB40-DD76-03FFEB5582A4}.Debug|Any CPU.Build.0 = Debug|Any CPU
		{CC2FB6BC-0555-EB40-DD76-03FFEB5582A4}.Release|Any CPU.ActiveCfg = Release|Any CPU
		{CC2FB6BC-0555-EB40-DD76-03FFEB5582A4}.Release|Any CPU.Build.0 = Release|Any CPU
		{D46A39EE-0EF8-EE7A-7F5A-2992EC72457C}.Debug|Any CPU.ActiveCfg = Debug|Any CPU
		{D46A39EE-0EF8-EE7A-7F5A-2992EC72457C}.Debug|Any CPU.Build.0 = Debug|Any CPU
		{D46A39EE-0EF8-EE7A-7F5A-2992EC72457C}.Release|Any CPU.ActiveCfg = Release|Any CPU
		{D46A39EE-0EF8-EE7A-7F5A-2992EC72457C}.Release|Any CPU.Build.0 = Release|Any CPU
		{389F41C7-1589-3501-1E1B-3DCDEDE9704A}.Debug|Any CPU.ActiveCfg = Debug|Any CPU
		{389F41C7-1589-3501-1E1B-3DCDEDE9704A}.Debug|Any CPU.Build.0 = Debug|Any CPU
		{389F41C7-1589-3501-1E1B-3DCDEDE9704A}.Release|Any CPU.ActiveCfg = Release|Any CPU
		{389F41C7-1589-3501-1E1B-3DCDEDE9704A}.Release|Any CPU.Build.0 = Release|Any CPU
		{EC9A69C7-9E6D-3D93-A24C-6A51276A4B1B}.Debug|Any CPU.ActiveCfg = Debug|Any CPU
		{EC9A69C7-9E6D-3D93-A24C-6A51276A4B1B}.Debug|Any CPU.Build.0 = Debug|Any CPU
		{EC9A69C7-9E6D-3D93-A24C-6A51276A4B1B}.Release|Any CPU.ActiveCfg = Release|Any CPU
		{EC9A69C7-9E6D-3D93-A24C-6A51276A4B1B}.Release|Any CPU.Build.0 = Release|Any CPU
		{7A377BE8-05DB-FFCE-891A-0070D90A691A}.Debug|Any CPU.ActiveCfg = Debug|Any CPU
		{7A377BE8-05DB-FFCE-891A-0070D90A691A}.Debug|Any CPU.Build.0 = Debug|Any CPU
		{7A377BE8-05DB-FFCE-891A-0070D90A691A}.Release|Any CPU.ActiveCfg = Release|Any CPU
		{7A377BE8-05DB-FFCE-891A-0070D90A691A}.Release|Any CPU.Build.0 = Release|Any CPU
		{AD1DCEE1-4A74-7C1E-D84B-15CF32F05DB3}.Debug|Any CPU.ActiveCfg = Debug|Any CPU
		{AD1DCEE1-4A74-7C1E-D84B-15CF32F05DB3}.Debug|Any CPU.Build.0 = Debug|Any CPU
		{AD1DCEE1-4A74-7C1E-D84B-15CF32F05DB3}.Release|Any CPU.ActiveCfg = Release|Any CPU
		{AD1DCEE1-4A74-7C1E-D84B-15CF32F05DB3}.Release|Any CPU.Build.0 = Release|Any CPU
		{41B75180-6639-7AAE-EEFB-D4C58A312DD5}.Debug|Any CPU.ActiveCfg = Debug|Any CPU
		{41B75180-6639-7AAE-EEFB-D4C58A312DD5}.Debug|Any CPU.Build.0 = Debug|Any CPU
		{41B75180-6639-7AAE-EEFB-D4C58A312DD5}.Release|Any CPU.ActiveCfg = Release|Any CPU
		{41B75180-6639-7AAE-EEFB-D4C58A312DD5}.Release|Any CPU.Build.0 = Release|Any CPU
		{C7BB260A-B4D6-4A18-E627-9ED418652129}.Debug|Any CPU.ActiveCfg = Debug|Any CPU
		{C7BB260A-B4D6-4A18-E627-9ED418652129}.Debug|Any CPU.Build.0 = Debug|Any CPU
		{C7BB260A-B4D6-4A18-E627-9ED418652129}.Release|Any CPU.ActiveCfg = Release|Any CPU
		{C7BB260A-B4D6-4A18-E627-9ED418652129}.Release|Any CPU.Build.0 = Release|Any CPU
		{2BF3FA51-E1B0-8488-26D3-103FCF4F8E28}.Debug|Any CPU.ActiveCfg = Debug|Any CPU
		{2BF3FA51-E1B0-8488-26D3-103FCF4F8E28}.Debug|Any CPU.Build.0 = Debug|Any CPU
		{2BF3FA51-E1B0-8488-26D3-103FCF4F8E28}.Release|Any CPU.ActiveCfg = Release|Any CPU
		{2BF3FA51-E1B0-8488-26D3-103FCF4F8E28}.Release|Any CPU.Build.0 = Release|Any CPU
		{7B7D5DA1-461E-838E-8A33-1F713D2572C8}.Debug|Any CPU.ActiveCfg = Debug|Any CPU
		{7B7D5DA1-461E-838E-8A33-1F713D2572C8}.Debug|Any CPU.Build.0 = Debug|Any CPU
		{7B7D5DA1-461E-838E-8A33-1F713D2572C8}.Release|Any CPU.ActiveCfg = Release|Any CPU
		{7B7D5DA1-461E-838E-8A33-1F713D2572C8}.Release|Any CPU.Build.0 = Release|Any CPU
		{297EA19D-5843-5075-6DB2-A60DCE457BC9}.Debug|Any CPU.ActiveCfg = Debug|Any CPU
		{297EA19D-5843-5075-6DB2-A60DCE457BC9}.Debug|Any CPU.Build.0 = Debug|Any CPU
		{297EA19D-5843-5075-6DB2-A60DCE457BC9}.Release|Any CPU.ActiveCfg = Release|Any CPU
		{297EA19D-5843-5075-6DB2-A60DCE457BC9}.Release|Any CPU.Build.0 = Release|Any CPU
		{46583386-E6AC-5F77-5A73-B5F67E3F48ED}.Debug|Any CPU.ActiveCfg = Debug|Any CPU
		{46583386-E6AC-5F77-5A73-B5F67E3F48ED}.Debug|Any CPU.Build.0 = Debug|Any CPU
		{46583386-E6AC-5F77-5A73-B5F67E3F48ED}.Release|Any CPU.ActiveCfg = Release|Any CPU
		{46583386-E6AC-5F77-5A73-B5F67E3F48ED}.Release|Any CPU.Build.0 = Release|Any CPU
		{9E43957E-4EE4-7D94-3C96-99A7919DCB0E}.Debug|Any CPU.ActiveCfg = Debug|Any CPU
		{9E43957E-4EE4-7D94-3C96-99A7919DCB0E}.Debug|Any CPU.Build.0 = Debug|Any CPU
		{9E43957E-4EE4-7D94-3C96-99A7919DCB0E}.Release|Any CPU.ActiveCfg = Release|Any CPU
		{9E43957E-4EE4-7D94-3C96-99A7919DCB0E}.Release|Any CPU.Build.0 = Release|Any CPU
		{E1D1EC37-80CC-8647-F5B6-17EA8402CCE8}.Debug|Any CPU.ActiveCfg = Debug|Any CPU
		{E1D1EC37-80CC-8647-F5B6-17EA8402CCE8}.Debug|Any CPU.Build.0 = Debug|Any CPU
		{E1D1EC37-80CC-8647-F5B6-17EA8402CCE8}.Release|Any CPU.ActiveCfg = Release|Any CPU
		{E1D1EC37-80CC-8647-F5B6-17EA8402CCE8}.Release|Any CPU.Build.0 = Release|Any CPU
		{E3E8A8DA-B3E8-30D0-F146-A0A8E73F0975}.Debug|Any CPU.ActiveCfg = Debug|Any CPU
		{E3E8A8DA-B3E8-30D0-F146-A0A8E73F0975}.Debug|Any CPU.Build.0 = Debug|Any CPU
		{E3E8A8DA-B3E8-30D0-F146-A0A8E73F0975}.Release|Any CPU.ActiveCfg = Release|Any CPU
		{E3E8A8DA-B3E8-30D0-F146-A0A8E73F0975}.Release|Any CPU.Build.0 = Release|Any CPU
		{890BD9BE-F3DB-F56F-A822-FDE2AFDD5633}.Debug|Any CPU.ActiveCfg = Debug|Any CPU
		{890BD9BE-F3DB-F56F-A822-FDE2AFDD5633}.Debug|Any CPU.Build.0 = Debug|Any CPU
		{890BD9BE-F3DB-F56F-A822-FDE2AFDD5633}.Release|Any CPU.ActiveCfg = Release|Any CPU
		{890BD9BE-F3DB-F56F-A822-FDE2AFDD5633}.Release|Any CPU.Build.0 = Release|Any CPU
		{58FC7799-AE05-3561-5A60-A197998FE2EA}.Debug|Any CPU.ActiveCfg = Debug|Any CPU
		{58FC7799-AE05-3561-5A60-A197998FE2EA}.Debug|Any CPU.Build.0 = Debug|Any CPU
		{58FC7799-AE05-3561-5A60-A197998FE2EA}.Release|Any CPU.ActiveCfg = Release|Any CPU
		{58FC7799-AE05-3561-5A60-A197998FE2EA}.Release|Any CPU.Build.0 = Release|Any CPU
		{6762ED59-D18D-4D82-AF6D-DC60A3977CAC}.Debug|Any CPU.ActiveCfg = Debug|Any CPU
		{6762ED59-D18D-4D82-AF6D-DC60A3977CAC}.Debug|Any CPU.Build.0 = Debug|Any CPU
		{6762ED59-D18D-4D82-AF6D-DC60A3977CAC}.Release|Any CPU.ActiveCfg = Release|Any CPU
		{6762ED59-D18D-4D82-AF6D-DC60A3977CAC}.Release|Any CPU.Build.0 = Release|Any CPU
		{A02B9C88-8EF8-4BCA-B896-E320F8D998D5}.Debug|Any CPU.ActiveCfg = Debug|Any CPU
		{A02B9C88-8EF8-4BCA-B896-E320F8D998D5}.Debug|Any CPU.Build.0 = Debug|Any CPU
		{A02B9C88-8EF8-4BCA-B896-E320F8D998D5}.Release|Any CPU.ActiveCfg = Release|Any CPU
		{A02B9C88-8EF8-4BCA-B896-E320F8D998D5}.Release|Any CPU.Build.0 = Release|Any CPU
	EndGlobalSection
	GlobalSection(SolutionProperties) = preSolution
		HideSolutionNode = FALSE
	EndGlobalSection
	GlobalSection(NestedProjects) = preSolution
		{60726545-F391-C4AC-DDEB-90E228955F86} = {02EA681E-C7D8-13C7-8484-4AC65E1B71E8}
		{02EA681E-C7D8-13C7-8484-4AC65E1B71E8} = {465B0A25-C999-48ED-97DF-09DED454FE53}
		{60F8C482-0B3B-4665-A8FC-03D747FEF30C} = {465B0A25-C999-48ED-97DF-09DED454FE53}
		{1BAC8EAB-C251-440F-B352-E201F9F35685} = {465B0A25-C999-48ED-97DF-09DED454FE53}
		{255DE6E7-55E0-4EDA-8061-800ABFAEC305} = {A9905E7B-9887-453D-98A4-85E5B65BC24E}
		{B1987A92-E51B-8560-2995-CEC94E7405FA} = {C0F9C83A-170E-4472-A753-F2C036716DF9}
		{E17E8651-6B84-DE46-52C6-26D899DF6398} = {60F8C482-0B3B-4665-A8FC-03D747FEF30C}
		{19D8F419-9692-724C-E748-AB783231FA46} = {255DE6E7-55E0-4EDA-8061-800ABFAEC305}
		{BEE9A2EC-2EA0-EFC7-4151-B6FB6D3B610E} = {1BAC8EAB-C251-440F-B352-E201F9F35685}
		{72570E31-44F0-479C-A3EF-0187ADA96783} = {465B0A25-C999-48ED-97DF-09DED454FE53}
		{2B9FAF82-B763-42D3-AD6E-FFDFBA399F6C} = {A9905E7B-9887-453D-98A4-85E5B65BC24E}
		{7319BC4D-1C1B-710D-B04B-7B2D25701B65} = {2B9FAF82-B763-42D3-AD6E-FFDFBA399F6C}
		{71F1DC4C-CE73-6E4B-5569-C8099D2DD8EC} = {2B9FAF82-B763-42D3-AD6E-FFDFBA399F6C}
		{EFC9CD71-9E64-091D-7E30-31E769E4DB9E} = {2B9FAF82-B763-42D3-AD6E-FFDFBA399F6C}
		{413DFB7B-3BF2-F08A-1963-511BDF2A4EFF} = {A3BA06D7-0340-421E-B0CD-64F25C267A16}
		{7641522E-ED6C-9ACC-3C91-7D25662A6C49} = {72570E31-44F0-479C-A3EF-0187ADA96783}
		{2CDDEA20-37D2-E5D4-CF6E-88E8D063D1C2} = {72570E31-44F0-479C-A3EF-0187ADA96783}
		{650B8FAB-131C-B60E-469F-585785C3A37C} = {72570E31-44F0-479C-A3EF-0187ADA96783}
		{2AA32F0E-7EE3-4A09-91C2-24655B91E720} = {72570E31-44F0-479C-A3EF-0187ADA96783}
		{ACBC2C4C-24AF-4C39-9A73-92D6201247F4} = {465B0A25-C999-48ED-97DF-09DED454FE53}
		{4354C5A1-56BE-BED1-3802-A8BA79025A55} = {ACBC2C4C-24AF-4C39-9A73-92D6201247F4}
		{CD6CDB96-BC6A-25D6-12FE-16ADE29E461D} = {ACBC2C4C-24AF-4C39-9A73-92D6201247F4}
		{C317DDA6-201B-4679-1665-16D2035DADA3} = {ACBC2C4C-24AF-4C39-9A73-92D6201247F4}
		{DC25F305-C718-2CE7-A032-4572CC3C30F2} = {ACBC2C4C-24AF-4C39-9A73-92D6201247F4}
		{3B371B52-D40B-9532-48A9-CC4EA2D78734} = {02EA681E-C7D8-13C7-8484-4AC65E1B71E8}
		{CC2FB6BC-0555-EB40-DD76-03FFEB5582A4} = {02EA681E-C7D8-13C7-8484-4AC65E1B71E8}
		{D46A39EE-0EF8-EE7A-7F5A-2992EC72457C} = {02EA681E-C7D8-13C7-8484-4AC65E1B71E8}
		{389F41C7-1589-3501-1E1B-3DCDEDE9704A} = {1BAC8EAB-C251-440F-B352-E201F9F35685}
		{EC9A69C7-9E6D-3D93-A24C-6A51276A4B1B} = {1BAC8EAB-C251-440F-B352-E201F9F35685}
		{7A377BE8-05DB-FFCE-891A-0070D90A691A} = {1BAC8EAB-C251-440F-B352-E201F9F35685}
		{AD1DCEE1-4A74-7C1E-D84B-15CF32F05DB3} = {60F8C482-0B3B-4665-A8FC-03D747FEF30C}
		{41B75180-6639-7AAE-EEFB-D4C58A312DD5} = {60F8C482-0B3B-4665-A8FC-03D747FEF30C}
		{C7BB260A-B4D6-4A18-E627-9ED418652129} = {60F8C482-0B3B-4665-A8FC-03D747FEF30C}
		{465B0A25-C999-48ED-97DF-09DED454FE53} = {A9905E7B-9887-453D-98A4-85E5B65BC24E}
		{E7CA5E01-C065-492F-8D88-220587743AE4} = {465B0A25-C999-48ED-97DF-09DED454FE53}
		{C821D954-C843-41B4-B232-67374EF5D190} = {465B0A25-C999-48ED-97DF-09DED454FE53}
		{2BF3FA51-E1B0-8488-26D3-103FCF4F8E28} = {C821D954-C843-41B4-B232-67374EF5D190}
		{7B7D5DA1-461E-838E-8A33-1F713D2572C8} = {C821D954-C843-41B4-B232-67374EF5D190}
		{297EA19D-5843-5075-6DB2-A60DCE457BC9} = {C821D954-C843-41B4-B232-67374EF5D190}
		{46583386-E6AC-5F77-5A73-B5F67E3F48ED} = {C821D954-C843-41B4-B232-67374EF5D190}
		{9E43957E-4EE4-7D94-3C96-99A7919DCB0E} = {E7CA5E01-C065-492F-8D88-220587743AE4}
		{E1D1EC37-80CC-8647-F5B6-17EA8402CCE8} = {E7CA5E01-C065-492F-8D88-220587743AE4}
		{E3E8A8DA-B3E8-30D0-F146-A0A8E73F0975} = {E7CA5E01-C065-492F-8D88-220587743AE4}
		{890BD9BE-F3DB-F56F-A822-FDE2AFDD5633} = {E7CA5E01-C065-492F-8D88-220587743AE4}
		{72E904EB-6EDF-454C-9F8E-2D38C7B30098} = {465B0A25-C999-48ED-97DF-09DED454FE53}
		{58FC7799-AE05-3561-5A60-A197998FE2EA} = {72E904EB-6EDF-454C-9F8E-2D38C7B30098}
		{6762ED59-D18D-4D82-AF6D-DC60A3977CAC} = {2B9FAF82-B763-42D3-AD6E-FFDFBA399F6C}
		{5107E8E7-A277-4CFE-A5A8-7CF1ED3B02A2} = {465B0A25-C999-48ED-97DF-09DED454FE53}
		{45C6A820-B044-43A3-9FAC-309078946C78} = {465B0A25-C999-48ED-97DF-09DED454FE53}
		{A02B9C88-8EF8-4BCA-B896-E320F8D998D5} = {2B9FAF82-B763-42D3-AD6E-FFDFBA399F6C}
	EndGlobalSection
	GlobalSection(ExtensibilityGlobals) = postSolution
		SolutionGuid = {992DBE31-3975-449F-816E-E75F9D0FCC7C}
	EndGlobalSection
EndGlobal
